
Microsoft Visual Studio Solution File, Format Version 12.00
# Visual Studio 14
VisualStudioVersion = 14.0.24720.0
MinimumVisualStudioVersion = 10.0.40219.1
Project("{FAE04EC0-301F-11D3-BF4B-00C04F79EFBC}") = "VoterFileAnalyzer", "VoterFileAnalyzer\VoterFileAnalyzer.csproj", "{C13CFE32-3586-426D-BF05-5F8A5D3C24C4}"
EndProject
Project("{930C7802-8A8C-48F9-8165-68863BCCD9DD}") = "VoterFileAnalyzerSetup", "VoterFileAnalyzerSetup\VoterFileAnalyzerSetup.wixproj", "{BBF246D6-5EF9-4B37-8C07-52B968C0118A}"
EndProject
Project("{930C7802-8A8C-48F9-8165-68863BCCD9DD}") = "VoterFileAnalyzerBootstrapper", "VoterFileAnalyzerBootstrapper\VoterFileAnalyzerBootstrapper.wixproj", "{3D840D44-D17A-4DF9-ACEE-4BA3B5A569B4}"
EndProject
Global
	GlobalSection(SolutionConfigurationPlatforms) = preSolution
		CD_ROM|Any CPU = CD_ROM|Any CPU
		CD_ROM|x86 = CD_ROM|x86
		Debug|Any CPU = Debug|Any CPU
		Debug|x86 = Debug|x86
		DVD-5|Any CPU = DVD-5|Any CPU
		DVD-5|x86 = DVD-5|x86
		Release|Any CPU = Release|Any CPU
		Release|x86 = Release|x86
		SingleImage|Any CPU = SingleImage|Any CPU
		SingleImage|x86 = SingleImage|x86
	EndGlobalSection
	GlobalSection(ProjectConfigurationPlatforms) = postSolution
		{C13CFE32-3586-426D-BF05-5F8A5D3C24C4}.CD_ROM|Any CPU.ActiveCfg = Release|Any CPU
		{C13CFE32-3586-426D-BF05-5F8A5D3C24C4}.CD_ROM|Any CPU.Build.0 = Release|Any CPU
		{C13CFE32-3586-426D-BF05-5F8A5D3C24C4}.CD_ROM|x86.ActiveCfg = Debug|Any CPU
		{C13CFE32-3586-426D-BF05-5F8A5D3C24C4}.CD_ROM|x86.Build.0 = Debug|Any CPU
		{C13CFE32-3586-426D-BF05-5F8A5D3C24C4}.Debug|Any CPU.ActiveCfg = Debug|Any CPU
		{C13CFE32-3586-426D-BF05-5F8A5D3C24C4}.Debug|Any CPU.Build.0 = Debug|Any CPU
		{C13CFE32-3586-426D-BF05-5F8A5D3C24C4}.Debug|x86.ActiveCfg = Debug|Any CPU
		{C13CFE32-3586-426D-BF05-5F8A5D3C24C4}.Debug|x86.Build.0 = Debug|Any CPU
		{C13CFE32-3586-426D-BF05-5F8A5D3C24C4}.DVD-5|Any CPU.ActiveCfg = Debug|Any CPU
		{C13CFE32-3586-426D-BF05-5F8A5D3C24C4}.DVD-5|Any CPU.Build.0 = Debug|Any CPU
		{C13CFE32-3586-426D-BF05-5F8A5D3C24C4}.DVD-5|x86.ActiveCfg = Debug|Any CPU
		{C13CFE32-3586-426D-BF05-5F8A5D3C24C4}.DVD-5|x86.Build.0 = Debug|Any CPU
		{C13CFE32-3586-426D-BF05-5F8A5D3C24C4}.Release|Any CPU.ActiveCfg = Release|Any CPU
		{C13CFE32-3586-426D-BF05-5F8A5D3C24C4}.Release|Any CPU.Build.0 = Release|Any CPU
		{C13CFE32-3586-426D-BF05-5F8A5D3C24C4}.Release|x86.ActiveCfg = Release|Any CPU
		{C13CFE32-3586-426D-BF05-5F8A5D3C24C4}.Release|x86.Build.0 = Release|Any CPU
		{C13CFE32-3586-426D-BF05-5F8A5D3C24C4}.SingleImage|Any CPU.ActiveCfg = Release|Any CPU
		{C13CFE32-3586-426D-BF05-5F8A5D3C24C4}.SingleImage|Any CPU.Build.0 = Release|Any CPU
		{C13CFE32-3586-426D-BF05-5F8A5D3C24C4}.SingleImage|x86.ActiveCfg = Debug|Any CPU
		{C13CFE32-3586-426D-BF05-5F8A5D3C24C4}.SingleImage|x86.Build.0 = Debug|Any CPU
		{BBF246D6-5EF9-4B37-8C07-52B968C0118A}.CD_ROM|Any CPU.ActiveCfg = Release|x86
		{BBF246D6-5EF9-4B37-8C07-52B968C0118A}.CD_ROM|Any CPU.Build.0 = Release|x86
		{BBF246D6-5EF9-4B37-8C07-52B968C0118A}.CD_ROM|x86.ActiveCfg = Release|x86
		{BBF246D6-5EF9-4B37-8C07-52B968C0118A}.CD_ROM|x86.Build.0 = Release|x86
		{BBF246D6-5EF9-4B37-8C07-52B968C0118A}.Debug|Any CPU.ActiveCfg = Debug|x86
		{BBF246D6-5EF9-4B37-8C07-52B968C0118A}.Debug|x86.ActiveCfg = Debug|x86
		{BBF246D6-5EF9-4B37-8C07-52B968C0118A}.Debug|x86.Build.0 = Debug|x86
		{BBF246D6-5EF9-4B37-8C07-52B968C0118A}.DVD-5|Any CPU.ActiveCfg = Release|x86
		{BBF246D6-5EF9-4B37-8C07-52B968C0118A}.DVD-5|Any CPU.Build.0 = Release|x86
		{BBF246D6-5EF9-4B37-8C07-52B968C0118A}.DVD-5|x86.ActiveCfg = Debug|x86
		{BBF246D6-5EF9-4B37-8C07-52B968C0118A}.DVD-5|x86.Build.0 = Debug|x86
		{BBF246D6-5EF9-4B37-8C07-52B968C0118A}.Release|Any CPU.ActiveCfg = Release|x86
		{BBF246D6-5EF9-4B37-8C07-52B968C0118A}.Release|x86.ActiveCfg = Release|x86
		{BBF246D6-5EF9-4B37-8C07-52B968C0118A}.Release|x86.Build.0 = Release|x86
		{BBF246D6-5EF9-4B37-8C07-52B968C0118A}.SingleImage|Any CPU.ActiveCfg = Release|x86
		{BBF246D6-5EF9-4B37-8C07-52B968C0118A}.SingleImage|Any CPU.Build.0 = Release|x86
		{BBF246D6-5EF9-4B37-8C07-52B968C0118A}.SingleImage|x86.ActiveCfg = Release|x86
		{BBF246D6-5EF9-4B37-8C07-52B968C0118A}.SingleImage|x86.Build.0 = Release|x86
		{3D840D44-D17A-4DF9-ACEE-4BA3B5A569B4}.CD_ROM|Any CPU.ActiveCfg = Release|x86
		{3D840D44-D17A-4DF9-ACEE-4BA3B5A569B4}.CD_ROM|Any CPU.Build.0 = Release|x86
		{3D840D44-D17A-4DF9-ACEE-4BA3B5A569B4}.CD_ROM|x86.ActiveCfg = Release|x86
		{3D840D44-D17A-4DF9-ACEE-4BA3B5A569B4}.CD_ROM|x86.Build.0 = Release|x86
		{3D840D44-D17A-4DF9-ACEE-4BA3B5A569B4}.Debug|Any CPU.ActiveCfg = Debug|x86
		{3D840D44-D17A-4DF9-ACEE-4BA3B5A569B4}.Debug|x86.ActiveCfg = Debug|x86
		{3D840D44-D17A-4DF9-ACEE-4BA3B5A569B4}.Debug|x86.Build.0 = Debug|x86
		{3D840D44-D17A-4DF9-ACEE-4BA3B5A569B4}.DVD-5|Any CPU.ActiveCfg = Release|x86
		{3D840D44-D17A-4DF9-ACEE-4BA3B5A569B4}.DVD-5|Any CPU.Build.0 = Release|x86
		{3D840D44-D17A-4DF9-ACEE-4BA3B5A569B4}.DVD-5|x86.ActiveCfg = Debug|x86
		{3D840D44-D17A-4DF9-ACEE-4BA3B5A569B4}.DVD-5|x86.Build.0 = Debug|x86
		{3D840D44-D17A-4DF9-ACEE-4BA3B5A569B4}.Release|Any CPU.ActiveCfg = Release|x86
		{3D840D44-D17A-4DF9-ACEE-4BA3B5A569B4}.Release|x86.ActiveCfg = Release|x86
		{3D840D44-D17A-4DF9-ACEE-4BA3B5A569B4}.Release|x86.Build.0 = Release|x86
		{3D840D44-D17A-4DF9-ACEE-4BA3B5A569B4}.SingleImage|Any CPU.ActiveCfg = Release|x86
		{3D840D44-D17A-4DF9-ACEE-4BA3B5A569B4}.SingleImage|Any CPU.Build.0 = Release|x86
		{3D840D44-D17A-4DF9-ACEE-4BA3B5A569B4}.SingleImage|x86.ActiveCfg = Release|x86
		{3D840D44-D17A-4DF9-ACEE-4BA3B5A569B4}.SingleImage|x86.Build.0 = Release|x86
	EndGlobalSection
	GlobalSection(SolutionProperties) = preSolution
		HideSolutionNode = FALSE
	EndGlobalSection
EndGlobal
